
Microsoft Visual Studio Solution File, Format Version 12.00
# Visual Studio Version 17
VisualStudioVersion = 17.5.33516.290
MinimumVisualStudioVersion = 10.0.40219.1
Project("{9A19103F-16F7-4668-BE54-9A1E7A4F7556}") = "InterviewDemo", "InterviewDemo\InterviewDemo.csproj", "{F1E39185-1305-41DF-97CC-F44B95262CE8}"
EndProject
Project("{9A19103F-16F7-4668-BE54-9A1E7A4F7556}") = "InterviewDemo.Tests", "InterviewDemo.Tests\InterviewDemo.Tests.csproj", "{04EE36C6-70AA-4151-BA90-AAEAD5CD7D17}"
EndProject
Global
	GlobalSection(SolutionConfigurationPlatforms) = preSolution
		Debug|Any CPU = Debug|Any CPU
		Release|Any CPU = Release|Any CPU
	EndGlobalSection
	GlobalSection(ProjectConfigurationPlatforms) = postSolution
		{F1E39185-1305-41DF-97CC-F44B95262CE8}.Debug|Any CPU.ActiveCfg = Debug|Any CPU
		{F1E39185-1305-41DF-97CC-F44B95262CE8}.Debug|Any CPU.Build.0 = Debug|Any CPU
		{F1E39185-1305-41DF-97CC-F44B95262CE8}.Release|Any CPU.ActiveCfg = Release|Any CPU
		{F1E39185-1305-41DF-97CC-F44B95262CE8}.Release|Any CPU.Build.0 = Release|Any CPU
		{04EE36C6-70AA-4151-BA90-AAEAD5CD7D17}.Debug|Any CPU.ActiveCfg = Debug|Any CPU
		{04EE36C6-70AA-4151-BA90-AAEAD5CD7D17}.Debug|Any CPU.Build.0 = Debug|Any CPU
		{04EE36C6-70AA-4151-BA90-AAEAD5CD7D17}.Release|Any CPU.ActiveCfg = Release|Any CPU
		{04EE36C6-70AA-4151-BA90-AAEAD5CD7D17}.Release|Any CPU.Build.0 = Release|Any CPU
	EndGlobalSection
	GlobalSection(SolutionProperties) = preSolution
		HideSolutionNode = FALSE
	EndGlobalSection
	GlobalSection(ExtensibilityGlobals) = postSolution
		SolutionGuid = {1CE80514-2BCE-4A78-B4FE-9E865A3DB179}
	EndGlobalSection
EndGlobal
